// !$*UTF8*$!
{
	archiveVersion = 1;
	classes = {
	};
	objectVersion = 46;
	objects = {

/* Begin PBXBuildFile section */
		064627151F70A2910057E96F /* GoogleService-Info.plist in Resources */ = {isa = PBXBuildFile; fileRef = 064627141F70A2910057E96F /* GoogleService-Info.plist */; };
		066C65201F6C6BCE00FF29F3 /* AppDelegate.swift in Sources */ = {isa = PBXBuildFile; fileRef = 066C651F1F6C6BCE00FF29F3 /* AppDelegate.swift */; };
		066C65221F6C6BCE00FF29F3 /* ViewController.swift in Sources */ = {isa = PBXBuildFile; fileRef = 066C65211F6C6BCE00FF29F3 /* ViewController.swift */; };
		066C65251F6C6BCE00FF29F3 /* Main.storyboard in Resources */ = {isa = PBXBuildFile; fileRef = 066C65231F6C6BCE00FF29F3 /* Main.storyboard */; };
		066C65271F6C6BCE00FF29F3 /* Assets.xcassets in Resources */ = {isa = PBXBuildFile; fileRef = 066C65261F6C6BCE00FF29F3 /* Assets.xcassets */; };
		066C652A1F6C6BCE00FF29F3 /* LaunchScreen.storyboard in Resources */ = {isa = PBXBuildFile; fileRef = 066C65281F6C6BCE00FF29F3 /* LaunchScreen.storyboard */; };
		066C65351F6C6BCE00FF29F3 /* ios_swift_demoTests.swift in Sources */ = {isa = PBXBuildFile; fileRef = 066C65341F6C6BCE00FF29F3 /* ios_swift_demoTests.swift */; };
		066C65401F6C6BCE00FF29F3 /* ios_swift_demoUITests.swift in Sources */ = {isa = PBXBuildFile; fileRef = 066C653F1F6C6BCE00FF29F3 /* ios_swift_demoUITests.swift */; };
		1C184262F5A3A6BB0658D883 /* Pods_ios_swift_demo.framework in Frameworks */ = {isa = PBXBuildFile; fileRef = E794D309EE3E7E96111AD3DF /* Pods_ios_swift_demo.framework */; };
		1CEF0D189C749C9474483F2D /* Pods_ios_swift_demoTests.framework in Frameworks */ = {isa = PBXBuildFile; fileRef = D5DB9B61885CF00CFCFB0A83 /* Pods_ios_swift_demoTests.framework */; };
		72099F69E56063DE7788006F /* Pods_ios_swift_demoUITests.framework in Frameworks */ = {isa = PBXBuildFile; fileRef = E58E7535DA59F873986A10A4 /* Pods_ios_swift_demoUITests.framework */; };
/* End PBXBuildFile section */

/* Begin PBXContainerItemProxy section */
		066C65311F6C6BCE00FF29F3 /* PBXContainerItemProxy */ = {
			isa = PBXContainerItemProxy;
			containerPortal = 066C65141F6C6BCE00FF29F3 /* Project object */;
			proxyType = 1;
			remoteGlobalIDString = 066C651B1F6C6BCE00FF29F3;
			remoteInfo = "ios-swift-demo";
		};
		066C653C1F6C6BCE00FF29F3 /* PBXContainerItemProxy */ = {
			isa = PBXContainerItemProxy;
			containerPortal = 066C65141F6C6BCE00FF29F3 /* Project object */;
			proxyType = 1;
			remoteGlobalIDString = 066C651B1F6C6BCE00FF29F3;
			remoteInfo = "ios-swift-demo";
		};
/* End PBXContainerItemProxy section */

/* Begin PBXFileReference section */
		064627141F70A2910057E96F /* GoogleService-Info.plist */ = {isa = PBXFileReference; fileEncoding = 4; lastKnownFileType = text.plist.xml; path = "GoogleService-Info.plist"; sourceTree = "<group>"; };
		066C651C1F6C6BCE00FF29F3 /* ios-swift-demo.app */ = {isa = PBXFileReference; explicitFileType = wrapper.application; includeInIndex = 0; path = "ios-swift-demo.app"; sourceTree = BUILT_PRODUCTS_DIR; };
		066C651F1F6C6BCE00FF29F3 /* AppDelegate.swift */ = {isa = PBXFileReference; lastKnownFileType = sourcecode.swift; path = AppDelegate.swift; sourceTree = "<group>"; };
		066C65211F6C6BCE00FF29F3 /* ViewController.swift */ = {isa = PBXFileReference; lastKnownFileType = sourcecode.swift; path = ViewController.swift; sourceTree = "<group>"; };
		066C65241F6C6BCE00FF29F3 /* Base */ = {isa = PBXFileReference; lastKnownFileType = file.storyboard; name = Base; path = Base.lproj/Main.storyboard; sourceTree = "<group>"; };
		066C65261F6C6BCE00FF29F3 /* Assets.xcassets */ = {isa = PBXFileReference; lastKnownFileType = folder.assetcatalog; path = Assets.xcassets; sourceTree = "<group>"; };
		066C65291F6C6BCE00FF29F3 /* Base */ = {isa = PBXFileReference; lastKnownFileType = file.storyboard; name = Base; path = Base.lproj/LaunchScreen.storyboard; sourceTree = "<group>"; };
		066C652B1F6C6BCE00FF29F3 /* Info.plist */ = {isa = PBXFileReference; lastKnownFileType = text.plist.xml; path = Info.plist; sourceTree = "<group>"; };
		066C65301F6C6BCE00FF29F3 /* ios-swift-demoTests.xctest */ = {isa = PBXFileReference; explicitFileType = wrapper.cfbundle; includeInIndex = 0; path = "ios-swift-demoTests.xctest"; sourceTree = BUILT_PRODUCTS_DIR; };
		066C65341F6C6BCE00FF29F3 /* ios_swift_demoTests.swift */ = {isa = PBXFileReference; lastKnownFileType = sourcecode.swift; path = ios_swift_demoTests.swift; sourceTree = "<group>"; };
		066C65361F6C6BCE00FF29F3 /* Info.plist */ = {isa = PBXFileReference; lastKnownFileType = text.plist.xml; path = Info.plist; sourceTree = "<group>"; };
		066C653B1F6C6BCE00FF29F3 /* ios-swift-demoUITests.xctest */ = {isa = PBXFileReference; explicitFileType = wrapper.cfbundle; includeInIndex = 0; path = "ios-swift-demoUITests.xctest"; sourceTree = BUILT_PRODUCTS_DIR; };
		066C653F1F6C6BCE00FF29F3 /* ios_swift_demoUITests.swift */ = {isa = PBXFileReference; lastKnownFileType = sourcecode.swift; path = ios_swift_demoUITests.swift; sourceTree = "<group>"; };
		066C65411F6C6BCE00FF29F3 /* Info.plist */ = {isa = PBXFileReference; lastKnownFileType = text.plist.xml; path = Info.plist; sourceTree = "<group>"; };
		63454F9E741A775F4FB4F23E /* Pods-ios-swift-demo.debug.xcconfig */ = {isa = PBXFileReference; includeInIndex = 1; lastKnownFileType = text.xcconfig; name = "Pods-ios-swift-demo.debug.xcconfig"; path = "Pods/Target Support Files/Pods-ios-swift-demo/Pods-ios-swift-demo.debug.xcconfig"; sourceTree = "<group>"; };
		A58D7CD3267B2F269543965D /* Pods-ios-swift-demoTests.release.xcconfig */ = {isa = PBXFileReference; includeInIndex = 1; lastKnownFileType = text.xcconfig; name = "Pods-ios-swift-demoTests.release.xcconfig"; path = "Pods/Target Support Files/Pods-ios-swift-demoTests/Pods-ios-swift-demoTests.release.xcconfig"; sourceTree = "<group>"; };
		B9B92FA375155595AF9B45B8 /* Pods-ios-swift-demo.release.xcconfig */ = {isa = PBXFileReference; includeInIndex = 1; lastKnownFileType = text.xcconfig; name = "Pods-ios-swift-demo.release.xcconfig"; path = "Pods/Target Support Files/Pods-ios-swift-demo/Pods-ios-swift-demo.release.xcconfig"; sourceTree = "<group>"; };
		BC02A76C5A32630A4DBB6CDF /* Pods-ios-swift-demoUITests.release.xcconfig */ = {isa = PBXFileReference; includeInIndex = 1; lastKnownFileType = text.xcconfig; name = "Pods-ios-swift-demoUITests.release.xcconfig"; path = "Pods/Target Support Files/Pods-ios-swift-demoUITests/Pods-ios-swift-demoUITests.release.xcconfig"; sourceTree = "<group>"; };
		C35F61D2FCFFB0BF17950230 /* Pods-ios-swift-demoUITests.debug.xcconfig */ = {isa = PBXFileReference; includeInIndex = 1; lastKnownFileType = text.xcconfig; name = "Pods-ios-swift-demoUITests.debug.xcconfig"; path = "Pods/Target Support Files/Pods-ios-swift-demoUITests/Pods-ios-swift-demoUITests.debug.xcconfig"; sourceTree = "<group>"; };
		D5DB9B61885CF00CFCFB0A83 /* Pods_ios_swift_demoTests.framework */ = {isa = PBXFileReference; explicitFileType = wrapper.framework; includeInIndex = 0; path = Pods_ios_swift_demoTests.framework; sourceTree = BUILT_PRODUCTS_DIR; };
		E58E7535DA59F873986A10A4 /* Pods_ios_swift_demoUITests.framework */ = {isa = PBXFileReference; explicitFileType = wrapper.framework; includeInIndex = 0; path = Pods_ios_swift_demoUITests.framework; sourceTree = BUILT_PRODUCTS_DIR; };
		E794D309EE3E7E96111AD3DF /* Pods_ios_swift_demo.framework */ = {isa = PBXFileReference; explicitFileType = wrapper.framework; includeInIndex = 0; path = Pods_ios_swift_demo.framework; sourceTree = BUILT_PRODUCTS_DIR; };
		E837BC3D051F7DB2E5830DB5 /* Pods-ios-swift-demoTests.debug.xcconfig */ = {isa = PBXFileReference; includeInIndex = 1; lastKnownFileType = text.xcconfig; name = "Pods-ios-swift-demoTests.debug.xcconfig"; path = "Pods/Target Support Files/Pods-ios-swift-demoTests/Pods-ios-swift-demoTests.debug.xcconfig"; sourceTree = "<group>"; };
/* End PBXFileReference section */

/* Begin PBXFrameworksBuildPhase section */
		066C65191F6C6BCE00FF29F3 /* Frameworks */ = {
			isa = PBXFrameworksBuildPhase;
			buildActionMask = 2147483647;
			files = (
				1C184262F5A3A6BB0658D883 /* Pods_ios_swift_demo.framework in Frameworks */,
			);
			runOnlyForDeploymentPostprocessing = 0;
		};
		066C652D1F6C6BCE00FF29F3 /* Frameworks */ = {
			isa = PBXFrameworksBuildPhase;
			buildActionMask = 2147483647;
			files = (
				1CEF0D189C749C9474483F2D /* Pods_ios_swift_demoTests.framework in Frameworks */,
			);
			runOnlyForDeploymentPostprocessing = 0;
		};
		066C65381F6C6BCE00FF29F3 /* Frameworks */ = {
			isa = PBXFrameworksBuildPhase;
			buildActionMask = 2147483647;
			files = (
				72099F69E56063DE7788006F /* Pods_ios_swift_demoUITests.framework in Frameworks */,
			);
			runOnlyForDeploymentPostprocessing = 0;
		};
/* End PBXFrameworksBuildPhase section */

/* Begin PBXGroup section */
		066C65131F6C6BCE00FF29F3 = {
			isa = PBXGroup;
			children = (
				066C651E1F6C6BCE00FF29F3 /* ios-swift-demo */,
				066C65331F6C6BCE00FF29F3 /* ios-swift-demoTests */,
				066C653E1F6C6BCE00FF29F3 /* ios-swift-demoUITests */,
				066C651D1F6C6BCE00FF29F3 /* Products */,
				8D1CA87E5818DBC69CD357E1 /* Pods */,
				6D000042BD96ED90EFE7525C /* Frameworks */,
			);
			sourceTree = "<group>";
		};
		066C651D1F6C6BCE00FF29F3 /* Products */ = {
			isa = PBXGroup;
			children = (
				066C651C1F6C6BCE00FF29F3 /* ios-swift-demo.app */,
				066C65301F6C6BCE00FF29F3 /* ios-swift-demoTests.xctest */,
				066C653B1F6C6BCE00FF29F3 /* ios-swift-demoUITests.xctest */,
			);
			name = Products;
			sourceTree = "<group>";
		};
		066C651E1F6C6BCE00FF29F3 /* ios-swift-demo */ = {
			isa = PBXGroup;
			children = (
				064627141F70A2910057E96F /* GoogleService-Info.plist */,
				066C651F1F6C6BCE00FF29F3 /* AppDelegate.swift */,
				066C65211F6C6BCE00FF29F3 /* ViewController.swift */,
				066C65231F6C6BCE00FF29F3 /* Main.storyboard */,
				066C65261F6C6BCE00FF29F3 /* Assets.xcassets */,
				066C65281F6C6BCE00FF29F3 /* LaunchScreen.storyboard */,
				066C652B1F6C6BCE00FF29F3 /* Info.plist */,
			);
			path = "ios-swift-demo";
			sourceTree = "<group>";
		};
		066C65331F6C6BCE00FF29F3 /* ios-swift-demoTests */ = {
			isa = PBXGroup;
			children = (
				066C65341F6C6BCE00FF29F3 /* ios_swift_demoTests.swift */,
				066C65361F6C6BCE00FF29F3 /* Info.plist */,
			);
			path = "ios-swift-demoTests";
			sourceTree = "<group>";
		};
		066C653E1F6C6BCE00FF29F3 /* ios-swift-demoUITests */ = {
			isa = PBXGroup;
			children = (
				066C653F1F6C6BCE00FF29F3 /* ios_swift_demoUITests.swift */,
				066C65411F6C6BCE00FF29F3 /* Info.plist */,
			);
			path = "ios-swift-demoUITests";
			sourceTree = "<group>";
		};
		6D000042BD96ED90EFE7525C /* Frameworks */ = {
			isa = PBXGroup;
			children = (
				E794D309EE3E7E96111AD3DF /* Pods_ios_swift_demo.framework */,
				D5DB9B61885CF00CFCFB0A83 /* Pods_ios_swift_demoTests.framework */,
				E58E7535DA59F873986A10A4 /* Pods_ios_swift_demoUITests.framework */,
			);
			name = Frameworks;
			sourceTree = "<group>";
		};
		8D1CA87E5818DBC69CD357E1 /* Pods */ = {
			isa = PBXGroup;
			children = (
				63454F9E741A775F4FB4F23E /* Pods-ios-swift-demo.debug.xcconfig */,
				B9B92FA375155595AF9B45B8 /* Pods-ios-swift-demo.release.xcconfig */,
				E837BC3D051F7DB2E5830DB5 /* Pods-ios-swift-demoTests.debug.xcconfig */,
				A58D7CD3267B2F269543965D /* Pods-ios-swift-demoTests.release.xcconfig */,
				C35F61D2FCFFB0BF17950230 /* Pods-ios-swift-demoUITests.debug.xcconfig */,
				BC02A76C5A32630A4DBB6CDF /* Pods-ios-swift-demoUITests.release.xcconfig */,
			);
			name = Pods;
			sourceTree = "<group>";
		};
/* End PBXGroup section */

/* Begin PBXNativeTarget section */
		066C651B1F6C6BCE00FF29F3 /* ios-swift-demo */ = {
			isa = PBXNativeTarget;
			buildConfigurationList = 066C65441F6C6BCE00FF29F3 /* Build configuration list for PBXNativeTarget "ios-swift-demo" */;
			buildPhases = (
				D57D93AB93C30CDDAB376212 /* [CP] Check Pods Manifest.lock */,
				066C65181F6C6BCE00FF29F3 /* Sources */,
				066C65191F6C6BCE00FF29F3 /* Frameworks */,
				066C651A1F6C6BCE00FF29F3 /* Resources */,
				044ABC9CF7454806CC812002 /* [CP] Embed Pods Frameworks */,
				E28897DF76472170F68D9EFD /* [CP] Copy Pods Resources */,
				063816841F6C78E70034C882 /* ShellScript */,
			);
			buildRules = (
			);
			dependencies = (
			);
			name = "ios-swift-demo";
			productName = "ios-swift-demo";
			productReference = 066C651C1F6C6BCE00FF29F3 /* ios-swift-demo.app */;
			productType = "com.apple.product-type.application";
		};
		066C652F1F6C6BCE00FF29F3 /* ios-swift-demoTests */ = {
			isa = PBXNativeTarget;
			buildConfigurationList = 066C65471F6C6BCE00FF29F3 /* Build configuration list for PBXNativeTarget "ios-swift-demoTests" */;
			buildPhases = (
				8D629EF4338E7103642F5075 /* [CP] Check Pods Manifest.lock */,
				066C652C1F6C6BCE00FF29F3 /* Sources */,
				066C652D1F6C6BCE00FF29F3 /* Frameworks */,
				066C652E1F6C6BCE00FF29F3 /* Resources */,
				347F6B1BE90A725625C21B61 /* [CP] Embed Pods Frameworks */,
				3A50AEDC74C6C35BEECA1AC0 /* [CP] Copy Pods Resources */,
			);
			buildRules = (
			);
			dependencies = (
				066C65321F6C6BCE00FF29F3 /* PBXTargetDependency */,
			);
			name = "ios-swift-demoTests";
			productName = "ios-swift-demoTests";
			productReference = 066C65301F6C6BCE00FF29F3 /* ios-swift-demoTests.xctest */;
			productType = "com.apple.product-type.bundle.unit-test";
		};
		066C653A1F6C6BCE00FF29F3 /* ios-swift-demoUITests */ = {
			isa = PBXNativeTarget;
			buildConfigurationList = 066C654A1F6C6BCE00FF29F3 /* Build configuration list for PBXNativeTarget "ios-swift-demoUITests" */;
			buildPhases = (
				50589205C8940B3F83B1779D /* [CP] Check Pods Manifest.lock */,
				066C65371F6C6BCE00FF29F3 /* Sources */,
				066C65381F6C6BCE00FF29F3 /* Frameworks */,
				066C65391F6C6BCE00FF29F3 /* Resources */,
				45AFEB61B10B6AD007526DD2 /* [CP] Embed Pods Frameworks */,
				9C93CAD40762869118429374 /* [CP] Copy Pods Resources */,
			);
			buildRules = (
			);
			dependencies = (
				066C653D1F6C6BCE00FF29F3 /* PBXTargetDependency */,
			);
			name = "ios-swift-demoUITests";
			productName = "ios-swift-demoUITests";
			productReference = 066C653B1F6C6BCE00FF29F3 /* ios-swift-demoUITests.xctest */;
			productType = "com.apple.product-type.bundle.ui-testing";
		};
/* End PBXNativeTarget section */

/* Begin PBXProject section */
		066C65141F6C6BCE00FF29F3 /* Project object */ = {
			isa = PBXProject;
			attributes = {
				LastSwiftUpdateCheck = 0830;
				LastUpgradeCheck = 0830;
				ORGANIZATIONNAME = "Daniel Capacio";
				TargetAttributes = {
					066C651B1F6C6BCE00FF29F3 = {
						CreatedOnToolsVersion = 8.3.3;
						DevelopmentTeam = RX2V366UG6;
						ProvisioningStyle = Automatic;
					};
					066C652F1F6C6BCE00FF29F3 = {
						CreatedOnToolsVersion = 8.3.3;
						DevelopmentTeam = RX2V366UG6;
						ProvisioningStyle = Automatic;
						TestTargetID = 066C651B1F6C6BCE00FF29F3;
					};
					066C653A1F6C6BCE00FF29F3 = {
						CreatedOnToolsVersion = 8.3.3;
						DevelopmentTeam = RX2V366UG6;
						ProvisioningStyle = Automatic;
						TestTargetID = 066C651B1F6C6BCE00FF29F3;
					};
				};
			};
			buildConfigurationList = 066C65171F6C6BCE00FF29F3 /* Build configuration list for PBXProject "ios-swift-demo" */;
			compatibilityVersion = "Xcode 3.2";
			developmentRegion = English;
			hasScannedForEncodings = 0;
			knownRegions = (
				en,
				Base,
			);
			mainGroup = 066C65131F6C6BCE00FF29F3;
			productRefGroup = 066C651D1F6C6BCE00FF29F3 /* Products */;
			projectDirPath = "";
			projectRoot = "";
			targets = (
				066C651B1F6C6BCE00FF29F3 /* ios-swift-demo */,
				066C652F1F6C6BCE00FF29F3 /* ios-swift-demoTests */,
				066C653A1F6C6BCE00FF29F3 /* ios-swift-demoUITests */,
			);
		};
/* End PBXProject section */

/* Begin PBXResourcesBuildPhase section */
		066C651A1F6C6BCE00FF29F3 /* Resources */ = {
			isa = PBXResourcesBuildPhase;
			buildActionMask = 2147483647;
			files = (
				066C652A1F6C6BCE00FF29F3 /* LaunchScreen.storyboard in Resources */,
				064627151F70A2910057E96F /* GoogleService-Info.plist in Resources */,
				066C65271F6C6BCE00FF29F3 /* Assets.xcassets in Resources */,
				066C65251F6C6BCE00FF29F3 /* Main.storyboard in Resources */,
			);
			runOnlyForDeploymentPostprocessing = 0;
		};
		066C652E1F6C6BCE00FF29F3 /* Resources */ = {
			isa = PBXResourcesBuildPhase;
			buildActionMask = 2147483647;
			files = (
			);
			runOnlyForDeploymentPostprocessing = 0;
		};
		066C65391F6C6BCE00FF29F3 /* Resources */ = {
			isa = PBXResourcesBuildPhase;
			buildActionMask = 2147483647;
			files = (
			);
			runOnlyForDeploymentPostprocessing = 0;
		};
/* End PBXResourcesBuildPhase section */

/* Begin PBXShellScriptBuildPhase section */
		044ABC9CF7454806CC812002 /* [CP] Embed Pods Frameworks */ = {
			isa = PBXShellScriptBuildPhase;
			buildActionMask = 2147483647;
			files = (
			);
			inputPaths = (
				"${SRCROOT}/Pods/Target Support Files/Pods-ios-swift-demo/Pods-ios-swift-demo-frameworks.sh",
				"${BUILT_PRODUCTS_DIR}/TraceLog/TraceLog.framework",
			);
			name = "[CP] Embed Pods Frameworks";
			outputPaths = (
				"${TARGET_BUILD_DIR}/${FRAMEWORKS_FOLDER_PATH}/TraceLog.framework",
			);
			runOnlyForDeploymentPostprocessing = 0;
			shellPath = /bin/sh;
			shellScript = "\"${SRCROOT}/Pods/Target Support Files/Pods-ios-swift-demo/Pods-ios-swift-demo-frameworks.sh\"\n";
			showEnvVarsInLog = 0;
		};
		063816841F6C78E70034C882 /* ShellScript */ = {
			isa = PBXShellScriptBuildPhase;
			buildActionMask = 2147483647;
			files = (
			);
			inputPaths = (
			);
			outputPaths = (
			);
			runOnlyForDeploymentPostprocessing = 0;
			shellPath = /bin/sh;
			shellScript = "\"${PODS_ROOT}/SwiftFormat/CommandLineTool/swiftformat\" \"${SRCROOT}/\" --enable blankLinesAtEndOfScope,blankLinesBetweenScopes,braces,consecutiveBlankLines,consecutiveSpaces,hoistPatternLet,indent,linebreakAtEndOfFile,linebreaks,numberFormatting,ranges,redundantBackticks,redundantGet,redundantLet,redundantNilInit,redundantParens,redundantPattern,redundantRawValues,redundantReturn,redundantSelf,redundantVoidReturnType,redundantInit,semicolons,spaceAroundBraces,spaceAroundBrackets,spaceAroundComments,spaceAroundGenerics,spaceAroundOperators,spaceAroundParens,spaceInsideBraces,spaceInsideBrackets,spaceInsideComments,spaceInsideGenerics,spaceInsideParens,specifiers,trailingClosures,trailingCommas,trailingSpace,todos,unusedArguments,void,wrapArguments --disable elseOnSameLine,fileHeader --allman true --binarygrouping 4,8 --commas always --comments indent --decimalgrouping 3,6 --empty void --experimental disabled --exponentcase uppercase --hexgrouping 4,8 --hexliteralcase uppercase --ifdef indent --indent 4 --insertlines enabled --linebreaks lf --octalgrouping 4,8 --patternlet hoist --ranges spaced --removelines enabled --semicolons inline --self remove --stripunusedargs always --trimwhitespace always --wraparguments afterfirst --wrapelements beforefirst";
		};
		347F6B1BE90A725625C21B61 /* [CP] Embed Pods Frameworks */ = {
			isa = PBXShellScriptBuildPhase;
			buildActionMask = 2147483647;
			files = (
			);
			inputPaths = (
			);
			name = "[CP] Embed Pods Frameworks";
			outputPaths = (
			);
			runOnlyForDeploymentPostprocessing = 0;
			shellPath = /bin/sh;
			shellScript = "\"${SRCROOT}/Pods/Target Support Files/Pods-ios-swift-demoTests/Pods-ios-swift-demoTests-frameworks.sh\"\n";
			showEnvVarsInLog = 0;
		};
		3A50AEDC74C6C35BEECA1AC0 /* [CP] Copy Pods Resources */ = {
			isa = PBXShellScriptBuildPhase;
			buildActionMask = 2147483647;
			files = (
			);
			inputPaths = (
			);
			name = "[CP] Copy Pods Resources";
			outputPaths = (
			);
			runOnlyForDeploymentPostprocessing = 0;
			shellPath = /bin/sh;
			shellScript = "\"${SRCROOT}/Pods/Target Support Files/Pods-ios-swift-demoTests/Pods-ios-swift-demoTests-resources.sh\"\n";
			showEnvVarsInLog = 0;
		};
		45AFEB61B10B6AD007526DD2 /* [CP] Embed Pods Frameworks */ = {
			isa = PBXShellScriptBuildPhase;
			buildActionMask = 2147483647;
			files = (
			);
			inputPaths = (
			);
			name = "[CP] Embed Pods Frameworks";
			outputPaths = (
			);
			runOnlyForDeploymentPostprocessing = 0;
			shellPath = /bin/sh;
			shellScript = "\"${SRCROOT}/Pods/Target Support Files/Pods-ios-swift-demoUITests/Pods-ios-swift-demoUITests-frameworks.sh\"\n";
			showEnvVarsInLog = 0;
		};
		50589205C8940B3F83B1779D /* [CP] Check Pods Manifest.lock */ = {
			isa = PBXShellScriptBuildPhase;
			buildActionMask = 2147483647;
			files = (
			);
			inputPaths = (
				"${PODS_PODFILE_DIR_PATH}/Podfile.lock",
				"${PODS_ROOT}/Manifest.lock",
			);
			name = "[CP] Check Pods Manifest.lock";
			outputPaths = (
				"$(DERIVED_FILE_DIR)/Pods-ios-swift-demoUITests-checkManifestLockResult.txt",
			);
			runOnlyForDeploymentPostprocessing = 0;
			shellPath = /bin/sh;
			shellScript = "diff \"${PODS_PODFILE_DIR_PATH}/Podfile.lock\" \"${PODS_ROOT}/Manifest.lock\" > /dev/null\nif [ $? != 0 ] ; then\n    # print error to STDERR\n    echo \"error: The sandbox is not in sync with the Podfile.lock. Run 'pod install' or update your CocoaPods installation.\" >&2\n    exit 1\nfi\n# This output is used by Xcode 'outputs' to avoid re-running this script phase.\necho \"SUCCESS\" > \"${SCRIPT_OUTPUT_FILE_0}\"\n";
			showEnvVarsInLog = 0;
		};
		8D629EF4338E7103642F5075 /* [CP] Check Pods Manifest.lock */ = {
			isa = PBXShellScriptBuildPhase;
			buildActionMask = 2147483647;
			files = (
			);
			inputPaths = (
				"${PODS_PODFILE_DIR_PATH}/Podfile.lock",
				"${PODS_ROOT}/Manifest.lock",
			);
			name = "[CP] Check Pods Manifest.lock";
			outputPaths = (
				"$(DERIVED_FILE_DIR)/Pods-ios-swift-demoTests-checkManifestLockResult.txt",
			);
			runOnlyForDeploymentPostprocessing = 0;
			shellPath = /bin/sh;
			shellScript = "diff \"${PODS_PODFILE_DIR_PATH}/Podfile.lock\" \"${PODS_ROOT}/Manifest.lock\" > /dev/null\nif [ $? != 0 ] ; then\n    # print error to STDERR\n    echo \"error: The sandbox is not in sync with the Podfile.lock. Run 'pod install' or update your CocoaPods installation.\" >&2\n    exit 1\nfi\n# This output is used by Xcode 'outputs' to avoid re-running this script phase.\necho \"SUCCESS\" > \"${SCRIPT_OUTPUT_FILE_0}\"\n";
			showEnvVarsInLog = 0;
		};
		9C93CAD40762869118429374 /* [CP] Copy Pods Resources */ = {
			isa = PBXShellScriptBuildPhase;
			buildActionMask = 2147483647;
			files = (
			);
			inputPaths = (
			);
			name = "[CP] Copy Pods Resources";
			outputPaths = (
			);
			runOnlyForDeploymentPostprocessing = 0;
			shellPath = /bin/sh;
			shellScript = "\"${SRCROOT}/Pods/Target Support Files/Pods-ios-swift-demoUITests/Pods-ios-swift-demoUITests-resources.sh\"\n";
			showEnvVarsInLog = 0;
		};
		D57D93AB93C30CDDAB376212 /* [CP] Check Pods Manifest.lock */ = {
			isa = PBXShellScriptBuildPhase;
			buildActionMask = 2147483647;
			files = (
			);
			inputPaths = (
				"${PODS_PODFILE_DIR_PATH}/Podfile.lock",
				"${PODS_ROOT}/Manifest.lock",
			);
			name = "[CP] Check Pods Manifest.lock";
			outputPaths = (
				"$(DERIVED_FILE_DIR)/Pods-ios-swift-demo-checkManifestLockResult.txt",
			);
			runOnlyForDeploymentPostprocessing = 0;
			shellPath = /bin/sh;
			shellScript = "diff \"${PODS_PODFILE_DIR_PATH}/Podfile.lock\" \"${PODS_ROOT}/Manifest.lock\" > /dev/null\nif [ $? != 0 ] ; then\n    # print error to STDERR\n    echo \"error: The sandbox is not in sync with the Podfile.lock. Run 'pod install' or update your CocoaPods installation.\" >&2\n    exit 1\nfi\n# This output is used by Xcode 'outputs' to avoid re-running this script phase.\necho \"SUCCESS\" > \"${SCRIPT_OUTPUT_FILE_0}\"\n";
			showEnvVarsInLog = 0;
		};
		E28897DF76472170F68D9EFD /* [CP] Copy Pods Resources */ = {
			isa = PBXShellScriptBuildPhase;
			buildActionMask = 2147483647;
			files = (
			);
			inputPaths = (
			);
			name = "[CP] Copy Pods Resources";
			outputPaths = (
			);
			runOnlyForDeploymentPostprocessing = 0;
			shellPath = /bin/sh;
			shellScript = "\"${SRCROOT}/Pods/Target Support Files/Pods-ios-swift-demo/Pods-ios-swift-demo-resources.sh\"\n";
			showEnvVarsInLog = 0;
		};
/* End PBXShellScriptBuildPhase section */

/* Begin PBXSourcesBuildPhase section */
		066C65181F6C6BCE00FF29F3 /* Sources */ = {
			isa = PBXSourcesBuildPhase;
			buildActionMask = 2147483647;
			files = (
				066C65221F6C6BCE00FF29F3 /* ViewController.swift in Sources */,
				066C65201F6C6BCE00FF29F3 /* AppDelegate.swift in Sources */,
			);
			runOnlyForDeploymentPostprocessing = 0;
		};
		066C652C1F6C6BCE00FF29F3 /* Sources */ = {
			isa = PBXSourcesBuildPhase;
			buildActionMask = 2147483647;
			files = (
				066C65351F6C6BCE00FF29F3 /* ios_swift_demoTests.swift in Sources */,
			);
			runOnlyForDeploymentPostprocessing = 0;
		};
		066C65371F6C6BCE00FF29F3 /* Sources */ = {
			isa = PBXSourcesBuildPhase;
			buildActionMask = 2147483647;
			files = (
				066C65401F6C6BCE00FF29F3 /* ios_swift_demoUITests.swift in Sources */,
			);
			runOnlyForDeploymentPostprocessing = 0;
		};
/* End PBXSourcesBuildPhase section */

/* Begin PBXTargetDependency section */
		066C65321F6C6BCE00FF29F3 /* PBXTargetDependency */ = {
			isa = PBXTargetDependency;
			target = 066C651B1F6C6BCE00FF29F3 /* ios-swift-demo */;
			targetProxy = 066C65311F6C6BCE00FF29F3 /* PBXContainerItemProxy */;
		};
		066C653D1F6C6BCE00FF29F3 /* PBXTargetDependency */ = {
			isa = PBXTargetDependency;
			target = 066C651B1F6C6BCE00FF29F3 /* ios-swift-demo */;
			targetProxy = 066C653C1F6C6BCE00FF29F3 /* PBXContainerItemProxy */;
		};
/* End PBXTargetDependency section */

/* Begin PBXVariantGroup section */
		066C65231F6C6BCE00FF29F3 /* Main.storyboard */ = {
			isa = PBXVariantGroup;
			children = (
				066C65241F6C6BCE00FF29F3 /* Base */,
			);
			name = Main.storyboard;
			sourceTree = "<group>";
		};
		066C65281F6C6BCE00FF29F3 /* LaunchScreen.storyboard */ = {
			isa = PBXVariantGroup;
			children = (
				066C65291F6C6BCE00FF29F3 /* Base */,
			);
			name = LaunchScreen.storyboard;
			sourceTree = "<group>";
		};
/* End PBXVariantGroup section */

/* Begin XCBuildConfiguration section */
		066C65421F6C6BCE00FF29F3 /* Debug */ = {
			isa = XCBuildConfiguration;
			buildSettings = {
				ALWAYS_SEARCH_USER_PATHS = NO;
				CLANG_ANALYZER_NONNULL = YES;
				CLANG_ANALYZER_NUMBER_OBJECT_CONVERSION = YES_AGGRESSIVE;
				CLANG_CXX_LANGUAGE_STANDARD = "gnu++0x";
				CLANG_CXX_LIBRARY = "libc++";
				CLANG_ENABLE_MODULES = YES;
				CLANG_ENABLE_OBJC_ARC = YES;
				CLANG_WARN_BOOL_CONVERSION = YES;
				CLANG_WARN_CONSTANT_CONVERSION = YES;
				CLANG_WARN_DIRECT_OBJC_ISA_USAGE = YES_ERROR;
				CLANG_WARN_DOCUMENTATION_COMMENTS = YES;
				CLANG_WARN_EMPTY_BODY = YES;
				CLANG_WARN_ENUM_CONVERSION = YES;
				CLANG_WARN_INFINITE_RECURSION = YES;
				CLANG_WARN_INT_CONVERSION = YES;
				CLANG_WARN_OBJC_ROOT_CLASS = YES_ERROR;
				CLANG_WARN_SUSPICIOUS_MOVE = YES;
				CLANG_WARN_UNREACHABLE_CODE = YES;
				CLANG_WARN__DUPLICATE_METHOD_MATCH = YES;
				"CODE_SIGN_IDENTITY[sdk=iphoneos*]" = "iPhone Developer";
				COPY_PHASE_STRIP = NO;
				DEBUG_INFORMATION_FORMAT = dwarf;
				ENABLE_STRICT_OBJC_MSGSEND = YES;
				ENABLE_TESTABILITY = YES;
				GCC_C_LANGUAGE_STANDARD = gnu99;
				GCC_DYNAMIC_NO_PIC = NO;
				GCC_NO_COMMON_BLOCKS = YES;
				GCC_OPTIMIZATION_LEVEL = 0;
				GCC_PREPROCESSOR_DEFINITIONS = (
					"DEBUG=1",
					"$(inherited)",
				);
				GCC_WARN_64_TO_32_BIT_CONVERSION = YES;
				GCC_WARN_ABOUT_RETURN_TYPE = YES_ERROR;
				GCC_WARN_UNDECLARED_SELECTOR = YES;
				GCC_WARN_UNINITIALIZED_AUTOS = YES_AGGRESSIVE;
				GCC_WARN_UNUSED_FUNCTION = YES;
				GCC_WARN_UNUSED_VARIABLE = YES;
				IPHONEOS_DEPLOYMENT_TARGET = 10.3;
				MTL_ENABLE_DEBUG_INFO = YES;
				ONLY_ACTIVE_ARCH = YES;
				SDKROOT = iphoneos;
				SWIFT_ACTIVE_COMPILATION_CONDITIONS = DEBUG;
				SWIFT_OPTIMIZATION_LEVEL = "-Onone";
				TARGETED_DEVICE_FAMILY = "1,2";
			};
			name = Debug;
		};
		066C65431F6C6BCE00FF29F3 /* Release */ = {
			isa = XCBuildConfiguration;
			buildSettings = {
				ALWAYS_SEARCH_USER_PATHS = NO;
				CLANG_ANALYZER_NONNULL = YES;
				CLANG_ANALYZER_NUMBER_OBJECT_CONVERSION = YES_AGGRESSIVE;
				CLANG_CXX_LANGUAGE_STANDARD = "gnu++0x";
				CLANG_CXX_LIBRARY = "libc++";
				CLANG_ENABLE_MODULES = YES;
				CLANG_ENABLE_OBJC_ARC = YES;
				CLANG_WARN_BOOL_CONVERSION = YES;
				CLANG_WARN_CONSTANT_CONVERSION = YES;
				CLANG_WARN_DIRECT_OBJC_ISA_USAGE = YES_ERROR;
				CLANG_WARN_DOCUMENTATION_COMMENTS = YES;
				CLANG_WARN_EMPTY_BODY = YES;
				CLANG_WARN_ENUM_CONVERSION = YES;
				CLANG_WARN_INFINITE_RECURSION = YES;
				CLANG_WARN_INT_CONVERSION = YES;
				CLANG_WARN_OBJC_ROOT_CLASS = YES_ERROR;
				CLANG_WARN_SUSPICIOUS_MOVE = YES;
				CLANG_WARN_UNREACHABLE_CODE = YES;
				CLANG_WARN__DUPLICATE_METHOD_MATCH = YES;
				"CODE_SIGN_IDENTITY[sdk=iphoneos*]" = "iPhone Developer";
				COPY_PHASE_STRIP = NO;
				DEBUG_INFORMATION_FORMAT = "dwarf-with-dsym";
				ENABLE_NS_ASSERTIONS = NO;
				ENABLE_STRICT_OBJC_MSGSEND = YES;
				GCC_C_LANGUAGE_STANDARD = gnu99;
				GCC_NO_COMMON_BLOCKS = YES;
				GCC_WARN_64_TO_32_BIT_CONVERSION = YES;
				GCC_WARN_ABOUT_RETURN_TYPE = YES_ERROR;
				GCC_WARN_UNDECLARED_SELECTOR = YES;
				GCC_WARN_UNINITIALIZED_AUTOS = YES_AGGRESSIVE;
				GCC_WARN_UNUSED_FUNCTION = YES;
				GCC_WARN_UNUSED_VARIABLE = YES;
				IPHONEOS_DEPLOYMENT_TARGET = 10.3;
				MTL_ENABLE_DEBUG_INFO = NO;
				SDKROOT = iphoneos;
				SWIFT_OPTIMIZATION_LEVEL = "-Owholemodule";
				TARGETED_DEVICE_FAMILY = "1,2";
				VALIDATE_PRODUCT = YES;
			};
			name = Release;
		};
		066C65451F6C6BCE00FF29F3 /* Debug */ = {
			isa = XCBuildConfiguration;
			baseConfigurationReference = 63454F9E741A775F4FB4F23E /* Pods-ios-swift-demo.debug.xcconfig */;
			buildSettings = {
				ASSETCATALOG_COMPILER_APPICON_NAME = AppIcon;
				DEVELOPMENT_TEAM = RX2V366UG6;
				INFOPLIST_FILE = "ios-swift-demo/Info.plist";
				LD_RUNPATH_SEARCH_PATHS = "$(inherited) @executable_path/Frameworks";
				PRODUCT_BUNDLE_IDENTIFIER = "com.dan.ios-swift-demo";
				PRODUCT_NAME = "$(TARGET_NAME)";
				SWIFT_VERSION = 3.0;
			};
			name = Debug;
		};
		066C65461F6C6BCE00FF29F3 /* Release */ = {
			isa = XCBuildConfiguration;
			baseConfigurationReference = B9B92FA375155595AF9B45B8 /* Pods-ios-swift-demo.release.xcconfig */;
			buildSettings = {
				ASSETCATALOG_COMPILER_APPICON_NAME = AppIcon;
				DEVELOPMENT_TEAM = RX2V366UG6;
				INFOPLIST_FILE = "ios-swift-demo/Info.plist";
				LD_RUNPATH_SEARCH_PATHS = "$(inherited) @executable_path/Frameworks";
				PRODUCT_BUNDLE_IDENTIFIER = "com.dan.ios-swift-demo";
				PRODUCT_NAME = "$(TARGET_NAME)";
				SWIFT_VERSION = 3.0;
			};
			name = Release;
		};
		066C65481F6C6BCE00FF29F3 /* Debug */ = {
			isa = XCBuildConfiguration;
			baseConfigurationReference = E837BC3D051F7DB2E5830DB5 /* Pods-ios-swift-demoTests.debug.xcconfig */;
			buildSettings = {
				ALWAYS_EMBED_SWIFT_STANDARD_LIBRARIES = YES;
				BUNDLE_LOADER = "$(TEST_HOST)";
				DEVELOPMENT_TEAM = RX2V366UG6;
				INFOPLIST_FILE = "ios-swift-demoTests/Info.plist";
				LD_RUNPATH_SEARCH_PATHS = "$(inherited) @executable_path/Frameworks @loader_path/Frameworks";
				PRODUCT_BUNDLE_IDENTIFIER = "com.dan.ios-swift-demoTests";
				PRODUCT_NAME = "$(TARGET_NAME)";
				SWIFT_VERSION = 3.0;
				TEST_HOST = "$(BUILT_PRODUCTS_DIR)/ios-swift-demo.app/ios-swift-demo";
			};
			name = Debug;
		};
		066C65491F6C6BCE00FF29F3 /* Release */ = {
			isa = XCBuildConfiguration;
			baseConfigurationReference = A58D7CD3267B2F269543965D /* Pods-ios-swift-demoTests.release.xcconfig */;
			buildSettings = {
				ALWAYS_EMBED_SWIFT_STANDARD_LIBRARIES = YES;
				BUNDLE_LOADER = "$(TEST_HOST)";
				DEVELOPMENT_TEAM = RX2V366UG6;
				INFOPLIST_FILE = "ios-swift-demoTests/Info.plist";
				LD_RUNPATH_SEARCH_PATHS = "$(inherited) @executable_path/Frameworks @loader_path/Frameworks";
				PRODUCT_BUNDLE_IDENTIFIER = "com.dan.ios-swift-demoTests";
				PRODUCT_NAME = "$(TARGET_NAME)";
				SWIFT_VERSION = 3.0;
				TEST_HOST = "$(BUILT_PRODUCTS_DIR)/ios-swift-demo.app/ios-swift-demo";
			};
			name = Release;
		};
		066C654B1F6C6BCE00FF29F3 /* Debug */ = {
			isa = XCBuildConfiguration;
			baseConfigurationReference = C35F61D2FCFFB0BF17950230 /* Pods-ios-swift-demoUITests.debug.xcconfig */;
			buildSettings = {
				ALWAYS_EMBED_SWIFT_STANDARD_LIBRARIES = YES;
				DEVELOPMENT_TEAM = RX2V366UG6;
				INFOPLIST_FILE = "ios-swift-demoUITests/Info.plist";
				LD_RUNPATH_SEARCH_PATHS = "$(inherited) @executable_path/Frameworks @loader_path/Frameworks";
				PRODUCT_BUNDLE_IDENTIFIER = "com.dan.ios-swift-demoUITests";
				PRODUCT_NAME = "$(TARGET_NAME)";
				SWIFT_VERSION = 3.0;
				TEST_TARGET_NAME = "ios-swift-demo";
			};
			name = Debug;
		};
		066C654C1F6C6BCE00FF29F3 /* Release */ = {
			isa = XCBuildConfiguration;
			baseConfigurationReference = BC02A76C5A32630A4DBB6CDF /* Pods-ios-swift-demoUITests.release.xcconfig */;
			buildSettings = {
				ALWAYS_EMBED_SWIFT_STANDARD_LIBRARIES = YES;
				DEVELOPMENT_TEAM = RX2V366UG6;
				INFOPLIST_FILE = "ios-swift-demoUITests/Info.plist";
				LD_RUNPATH_SEARCH_PATHS = "$(inherited) @executable_path/Frameworks @loader_path/Frameworks";
				PRODUCT_BUNDLE_IDENTIFIER = "com.dan.ios-swift-demoUITests";
				PRODUCT_NAME = "$(TARGET_NAME)";
				SWIFT_VERSION = 3.0;
				TEST_TARGET_NAME = "ios-swift-demo";
			};
			name = Release;
		};
/* End XCBuildConfiguration section */

/* Begin XCConfigurationList section */
		066C65171F6C6BCE00FF29F3 /* Build configuration list for PBXProject "ios-swift-demo" */ = {
			isa = XCConfigurationList;
			buildConfigurations = (
				066C65421F6C6BCE00FF29F3 /* Debug */,
				066C65431F6C6BCE00FF29F3 /* Release */,
			);
			defaultConfigurationIsVisible = 0;
			defaultConfigurationName = Release;
		};
		066C65441F6C6BCE00FF29F3 /* Build configuration list for PBXNativeTarget "ios-swift-demo" */ = {
			isa = XCConfigurationList;
			buildConfigurations = (
				066C65451F6C6BCE00FF29F3 /* Debug */,
				066C65461F6C6BCE00FF29F3 /* Release */,
			);
			defaultConfigurationIsVisible = 0;
			defaultConfigurationName = Release;
		};
		066C65471F6C6BCE00FF29F3 /* Build configuration list for PBXNativeTarget "ios-swift-demoTests" */ = {
			isa = XCConfigurationList;
			buildConfigurations = (
				066C65481F6C6BCE00FF29F3 /* Debug */,
				066C65491F6C6BCE00FF29F3 /* Release */,
			);
			defaultConfigurationIsVisible = 0;
			defaultConfigurationName = Release;
		};
		066C654A1F6C6BCE00FF29F3 /* Build configuration list for PBXNativeTarget "ios-swift-demoUITests" */ = {
			isa = XCConfigurationList;
			buildConfigurations = (
				066C654B1F6C6BCE00FF29F3 /* Debug */,
				066C654C1F6C6BCE00FF29F3 /* Release */,
			);
			defaultConfigurationIsVisible = 0;
			defaultConfigurationName = Release;
		};
/* End XCConfigurationList section */
	};
	rootObject = 066C65141F6C6BCE00FF29F3 /* Project object */;
}
