// !$*UTF8*$!
{
	archiveVersion = 1;
	classes = {
	};
	objectVersion = 46;
	objects = {

/* Begin PBXBuildFile section */
		066C65201F6C6BCE00FF29F3 /* AppDelegate.swift in Sources */ = {isa = PBXBuildFile; fileRef = 066C651F1F6C6BCE00FF29F3 /* AppDelegate.swift */; };
		066C65221F6C6BCE00FF29F3 /* ViewController.swift in Sources */ = {isa = PBXBuildFile; fileRef = 066C65211F6C6BCE00FF29F3 /* ViewController.swift */; };
		066C65251F6C6BCE00FF29F3 /* Main.storyboard in Resources */ = {isa = PBXBuildFile; fileRef = 066C65231F6C6BCE00FF29F3 /* Main.storyboard */; };
		066C65271F6C6BCE00FF29F3 /* Assets.xcassets in Resources */ = {isa = PBXBuildFile; fileRef = 066C65261F6C6BCE00FF29F3 /* Assets.xcassets */; };
		066C652A1F6C6BCE00FF29F3 /* LaunchScreen.storyboard in Resources */ = {isa = PBXBuildFile; fileRef = 066C65281F6C6BCE00FF29F3 /* LaunchScreen.storyboard */; };
		066C65351F6C6BCE00FF29F3 /* ios_swift_demoTests.swift in Sources */ = {isa = PBXBuildFile; fileRef = 066C65341F6C6BCE00FF29F3 /* ios_swift_demoTests.swift */; };
		066C65401F6C6BCE00FF29F3 /* ios_swift_demoUITests.swift in Sources */ = {isa = PBXBuildFile; fileRef = 066C653F1F6C6BCE00FF29F3 /* ios_swift_demoUITests.swift */; };
/* End PBXBuildFile section */

/* Begin PBXContainerItemProxy section */
		066C65311F6C6BCE00FF29F3 /* PBXContainerItemProxy */ = {
			isa = PBXContainerItemProxy;
			containerPortal = 066C65141F6C6BCE00FF29F3 /* Project object */;
			proxyType = 1;
			remoteGlobalIDString = 066C651B1F6C6BCE00FF29F3;
			remoteInfo = "ios-swift-demo";
		};
		066C653C1F6C6BCE00FF29F3 /* PBXContainerItemProxy */ = {
			isa = PBXContainerItemProxy;
			containerPortal = 066C65141F6C6BCE00FF29F3 /* Project object */;
			proxyType = 1;
			remoteGlobalIDString = 066C651B1F6C6BCE00FF29F3;
			remoteInfo = "ios-swift-demo";
		};
/* End PBXContainerItemProxy section */

/* Begin PBXFileReference section */
		066C651C1F6C6BCE00FF29F3 /* ios-swift-demo.app */ = {isa = PBXFileReference; explicitFileType = wrapper.application; includeInIndex = 0; path = "ios-swift-demo.app"; sourceTree = BUILT_PRODUCTS_DIR; };
		066C651F1F6C6BCE00FF29F3 /* AppDelegate.swift */ = {isa = PBXFileReference; lastKnownFileType = sourcecode.swift; path = AppDelegate.swift; sourceTree = "<group>"; };
		066C65211F6C6BCE00FF29F3 /* ViewController.swift */ = {isa = PBXFileReference; lastKnownFileType = sourcecode.swift; path = ViewController.swift; sourceTree = "<group>"; };
		066C65241F6C6BCE00FF29F3 /* Base */ = {isa = PBXFileReference; lastKnownFileType = file.storyboard; name = Base; path = Base.lproj/Main.storyboard; sourceTree = "<group>"; };
		066C65261F6C6BCE00FF29F3 /* Assets.xcassets */ = {isa = PBXFileReference; lastKnownFileType = folder.assetcatalog; path = Assets.xcassets; sourceTree = "<group>"; };
		066C65291F6C6BCE00FF29F3 /* Base */ = {isa = PBXFileReference; lastKnownFileType = file.storyboard; name = Base; path = Base.lproj/LaunchScreen.storyboard; sourceTree = "<group>"; };
		066C652B1F6C6BCE00FF29F3 /* Info.plist */ = {isa = PBXFileReference; lastKnownFileType = text.plist.xml; path = Info.plist; sourceTree = "<group>"; };
		066C65301F6C6BCE00FF29F3 /* ios-swift-demoTests.xctest */ = {isa = PBXFileReference; explicitFileType = wrapper.cfbundle; includeInIndex = 0; path = "ios-swift-demoTests.xctest"; sourceTree = BUILT_PRODUCTS_DIR; };
		066C65341F6C6BCE00FF29F3 /* ios_swift_demoTests.swift */ = {isa = PBXFileReference; lastKnownFileType = sourcecode.swift; path = ios_swift_demoTests.swift; sourceTree = "<group>"; };
		066C65361F6C6BCE00FF29F3 /* Info.plist */ = {isa = PBXFileReference; lastKnownFileType = text.plist.xml; path = Info.plist; sourceTree = "<group>"; };
		066C653B1F6C6BCE00FF29F3 /* ios-swift-demoUITests.xctest */ = {isa = PBXFileReference; explicitFileType = wrapper.cfbundle; includeInIndex = 0; path = "ios-swift-demoUITests.xctest"; sourceTree = BUILT_PRODUCTS_DIR; };
		066C653F1F6C6BCE00FF29F3 /* ios_swift_demoUITests.swift */ = {isa = PBXFileReference; lastKnownFileType = sourcecode.swift; path = ios_swift_demoUITests.swift; sourceTree = "<group>"; };
		066C65411F6C6BCE00FF29F3 /* Info.plist */ = {isa = PBXFileReference; lastKnownFileType = text.plist.xml; path = Info.plist; sourceTree = "<group>"; };
/* End PBXFileReference section */

/* Begin PBXFrameworksBuildPhase section */
		066C65191F6C6BCE00FF29F3 /* Frameworks */ = {
			isa = PBXFrameworksBuildPhase;
			buildActionMask = 2147483647;
			files = (
			);
			runOnlyForDeploymentPostprocessing = 0;
		};
		066C652D1F6C6BCE00FF29F3 /* Frameworks */ = {
			isa = PBXFrameworksBuildPhase;
			buildActionMask = 2147483647;
			files = (
			);
			runOnlyForDeploymentPostprocessing = 0;
		};
		066C65381F6C6BCE00FF29F3 /* Frameworks */ = {
			isa = PBXFrameworksBuildPhase;
			buildActionMask = 2147483647;
			files = (
			);
			runOnlyForDeploymentPostprocessing = 0;
		};
/* End PBXFrameworksBuildPhase section */

/* Begin PBXGroup section */
		066C65131F6C6BCE00FF29F3 = {
			isa = PBXGroup;
			children = (
				066C651E1F6C6BCE00FF29F3 /* ios-swift-demo */,
				066C65331F6C6BCE00FF29F3 /* ios-swift-demoTests */,
				066C653E1F6C6BCE00FF29F3 /* ios-swift-demoUITests */,
				066C651D1F6C6BCE00FF29F3 /* Products */,
			);
			sourceTree = "<group>";
		};
		066C651D1F6C6BCE00FF29F3 /* Products */ = {
			isa = PBXGroup;
			children = (
				066C651C1F6C6BCE00FF29F3 /* ios-swift-demo.app */,
				066C65301F6C6BCE00FF29F3 /* ios-swift-demoTests.xctest */,
				066C653B1F6C6BCE00FF29F3 /* ios-swift-demoUITests.xctest */,
			);
			name = Products;
			sourceTree = "<group>";
		};
		066C651E1F6C6BCE00FF29F3 /* ios-swift-demo */ = {
			isa = PBXGroup;
			children = (
				066C651F1F6C6BCE00FF29F3 /* AppDelegate.swift */,
				066C65211F6C6BCE00FF29F3 /* ViewController.swift */,
				066C65231F6C6BCE00FF29F3 /* Main.storyboard */,
				066C65261F6C6BCE00FF29F3 /* Assets.xcassets */,
				066C65281F6C6BCE00FF29F3 /* LaunchScreen.storyboard */,
				066C652B1F6C6BCE00FF29F3 /* Info.plist */,
			);
			path = "ios-swift-demo";
			sourceTree = "<group>";
		};
		066C65331F6C6BCE00FF29F3 /* ios-swift-demoTests */ = {
			isa = PBXGroup;
			children = (
				066C65341F6C6BCE00FF29F3 /* ios_swift_demoTests.swift */,
				066C65361F6C6BCE00FF29F3 /* Info.plist */,
			);
			path = "ios-swift-demoTests";
			sourceTree = "<group>";
		};
		066C653E1F6C6BCE00FF29F3 /* ios-swift-demoUITests */ = {
			isa = PBXGroup;
			children = (
				066C653F1F6C6BCE00FF29F3 /* ios_swift_demoUITests.swift */,
				066C65411F6C6BCE00FF29F3 /* Info.plist */,
			);
			path = "ios-swift-demoUITests";
			sourceTree = "<group>";
		};
/* End PBXGroup section */

/* Begin PBXNativeTarget section */
		066C651B1F6C6BCE00FF29F3 /* ios-swift-demo */ = {
			isa = PBXNativeTarget;
			buildConfigurationList = 066C65441F6C6BCE00FF29F3 /* Build configuration list for PBXNativeTarget "ios-swift-demo" */;
			buildPhases = (
				066C65181F6C6BCE00FF29F3 /* Sources */,
				066C65191F6C6BCE00FF29F3 /* Frameworks */,
				066C651A1F6C6BCE00FF29F3 /* Resources */,
			);
			buildRules = (
			);
			dependencies = (
			);
			name = "ios-swift-demo";
			productName = "ios-swift-demo";
			productReference = 066C651C1F6C6BCE00FF29F3 /* ios-swift-demo.app */;
			productType = "com.apple.product-type.application";
		};
		066C652F1F6C6BCE00FF29F3 /* ios-swift-demoTests */ = {
			isa = PBXNativeTarget;
			buildConfigurationList = 066C65471F6C6BCE00FF29F3 /* Build configuration list for PBXNativeTarget "ios-swift-demoTests" */;
			buildPhases = (
				066C652C1F6C6BCE00FF29F3 /* Sources */,
				066C652D1F6C6BCE00FF29F3 /* Frameworks */,
				066C652E1F6C6BCE00FF29F3 /* Resources */,
			);
			buildRules = (
			);
			dependencies = (
				066C65321F6C6BCE00FF29F3 /* PBXTargetDependency */,
			);
			name = "ios-swift-demoTests";
			productName = "ios-swift-demoTests";
			productReference = 066C65301F6C6BCE00FF29F3 /* ios-swift-demoTests.xctest */;
			productType = "com.apple.product-type.bundle.unit-test";
		};
		066C653A1F6C6BCE00FF29F3 /* ios-swift-demoUITests */ = {
			isa = PBXNativeTarget;
			buildConfigurationList = 066C654A1F6C6BCE00FF29F3 /* Build configuration list for PBXNativeTarget "ios-swift-demoUITests" */;
			buildPhases = (
				066C65371F6C6BCE00FF29F3 /* Sources */,
				066C65381F6C6BCE00FF29F3 /* Frameworks */,
				066C65391F6C6BCE00FF29F3 /* Resources */,
			);
			buildRules = (
			);
			dependencies = (
				066C653D1F6C6BCE00FF29F3 /* PBXTargetDependency */,
			);
			name = "ios-swift-demoUITests";
			productName = "ios-swift-demoUITests";
			productReference = 066C653B1F6C6BCE00FF29F3 /* ios-swift-demoUITests.xctest */;
			productType = "com.apple.product-type.bundle.ui-testing";
		};
/* End PBXNativeTarget section */

/* Begin PBXProject section */
		066C65141F6C6BCE00FF29F3 /* Project object */ = {
			isa = PBXProject;
			attributes = {
				LastSwiftUpdateCheck = 0830;
				LastUpgradeCheck = 0830;
				ORGANIZATIONNAME = "Daniel Capacio";
				TargetAttributes = {
					066C651B1F6C6BCE00FF29F3 = {
						CreatedOnToolsVersion = 8.3.3;
						DevelopmentTeam = RX2V366UG6;
						ProvisioningStyle = Automatic;
					};
					066C652F1F6C6BCE00FF29F3 = {
						CreatedOnToolsVersion = 8.3.3;
						DevelopmentTeam = RX2V366UG6;
						ProvisioningStyle = Automatic;
						TestTargetID = 066C651B1F6C6BCE00FF29F3;
					};
					066C653A1F6C6BCE00FF29F3 = {
						CreatedOnToolsVersion = 8.3.3;
						DevelopmentTeam = RX2V366UG6;
						ProvisioningStyle = Automatic;
						TestTargetID = 066C651B1F6C6BCE00FF29F3;
					};
				};
			};
			buildConfigurationList = 066C65171F6C6BCE00FF29F3 /* Build configuration list for PBXProject "ios-swift-demo" */;
			compatibilityVersion = "Xcode 3.2";
			developmentRegion = English;
			hasScannedForEncodings = 0;
			knownRegions = (
				en,
				Base,
			);
			mainGroup = 066C65131F6C6BCE00FF29F3;
			productRefGroup = 066C651D1F6C6BCE00FF29F3 /* Products */;
			projectDirPath = "";
			projectRoot = "";
			targets = (
				066C651B1F6C6BCE00FF29F3 /* ios-swift-demo */,
				066C652F1F6C6BCE00FF29F3 /* ios-swift-demoTests */,
				066C653A1F6C6BCE00FF29F3 /* ios-swift-demoUITests */,
			);
		};
/* End PBXProject section */

/* Begin PBXResourcesBuildPhase section */
		066C651A1F6C6BCE00FF29F3 /* Resources */ = {
			isa = PBXResourcesBuildPhase;
			buildActionMask = 2147483647;
			files = (
				066C652A1F6C6BCE00FF29F3 /* LaunchScreen.storyboard in Resources */,
				066C65271F6C6BCE00FF29F3 /* Assets.xcassets in Resources */,
				066C65251F6C6BCE00FF29F3 /* Main.storyboard in Resources */,
			);
			runOnlyForDeploymentPostprocessing = 0;
		};
		066C652E1F6C6BCE00FF29F3 /* Resources */ = {
			isa = PBXResourcesBuildPhase;
			buildActionMask = 2147483647;
			files = (
			);
			runOnlyForDeploymentPostprocessing = 0;
		};
		066C65391F6C6BCE00FF29F3 /* Resources */ = {
			isa = PBXResourcesBuildPhase;
			buildActionMask = 2147483647;
			files = (
			);
			runOnlyForDeploymentPostprocessing = 0;
		};
/* End PBXResourcesBuildPhase section */

/* Begin PBXSourcesBuildPhase section */
		066C65181F6C6BCE00FF29F3 /* Sources */ = {
			isa = PBXSourcesBuildPhase;
			buildActionMask = 2147483647;
			files = (
				066C65221F6C6BCE00FF29F3 /* ViewController.swift in Sources */,
				066C65201F6C6BCE00FF29F3 /* AppDelegate.swift in Sources */,
			);
			runOnlyForDeploymentPostprocessing = 0;
		};
		066C652C1F6C6BCE00FF29F3 /* Sources */ = {
			isa = PBXSourcesBuildPhase;
			buildActionMask = 2147483647;
			files = (
				066C65351F6C6BCE00FF29F3 /* ios_swift_demoTests.swift in Sources */,
			);
			runOnlyForDeploymentPostprocessing = 0;
		};
		066C65371F6C6BCE00FF29F3 /* Sources */ = {
			isa = PBXSourcesBuildPhase;
			buildActionMask = 2147483647;
			files = (
				066C65401F6C6BCE00FF29F3 /* ios_swift_demoUITests.swift in Sources */,
			);
			runOnlyForDeploymentPostprocessing = 0;
		};
/* End PBXSourcesBuildPhase section */

/* Begin PBXTargetDependency section */
		066C65321F6C6BCE00FF29F3 /* PBXTargetDependency */ = {
			isa = PBXTargetDependency;
			target = 066C651B1F6C6BCE00FF29F3 /* ios-swift-demo */;
			targetProxy = 066C65311F6C6BCE00FF29F3 /* PBXContainerItemProxy */;
		};
		066C653D1F6C6BCE00FF29F3 /* PBXTargetDependency */ = {
			isa = PBXTargetDependency;
			target = 066C651B1F6C6BCE00FF29F3 /* ios-swift-demo */;
			targetProxy = 066C653C1F6C6BCE00FF29F3 /* PBXContainerItemProxy */;
		};
/* End PBXTargetDependency section */

/* Begin PBXVariantGroup section */
		066C65231F6C6BCE00FF29F3 /* Main.storyboard */ = {
			isa = PBXVariantGroup;
			children = (
				066C65241F6C6BCE00FF29F3 /* Base */,
			);
			name = Main.storyboard;
			sourceTree = "<group>";
		};
		066C65281F6C6BCE00FF29F3 /* LaunchScreen.storyboard */ = {
			isa = PBXVariantGroup;
			children = (
				066C65291F6C6BCE00FF29F3 /* Base */,
			);
			name = LaunchScreen.storyboard;
			sourceTree = "<group>";
		};
/* End PBXVariantGroup section */

/* Begin XCBuildConfiguration section */
		066C65421F6C6BCE00FF29F3 /* Debug */ = {
			isa = XCBuildConfiguration;
			buildSettings = {
				ALWAYS_SEARCH_USER_PATHS = NO;
				CLANG_ANALYZER_NONNULL = YES;
				CLANG_ANALYZER_NUMBER_OBJECT_CONVERSION = YES_AGGRESSIVE;
				CLANG_CXX_LANGUAGE_STANDARD = "gnu++0x";
				CLANG_CXX_LIBRARY = "libc++";
				CLANG_ENABLE_MODULES = YES;
				CLANG_ENABLE_OBJC_ARC = YES;
				CLANG_WARN_BOOL_CONVERSION = YES;
				CLANG_WARN_CONSTANT_CONVERSION = YES;
				CLANG_WARN_DIRECT_OBJC_ISA_USAGE = YES_ERROR;
				CLANG_WARN_DOCUMENTATION_COMMENTS = YES;
				CLANG_WARN_EMPTY_BODY = YES;
				CLANG_WARN_ENUM_CONVERSION = YES;
				CLANG_WARN_INFINITE_RECURSION = YES;
				CLANG_WARN_INT_CONVERSION = YES;
				CLANG_WARN_OBJC_ROOT_CLASS = YES_ERROR;
				CLANG_WARN_SUSPICIOUS_MOVE = YES;
				CLANG_WARN_UNREACHABLE_CODE = YES;
				CLANG_WARN__DUPLICATE_METHOD_MATCH = YES;
				"CODE_SIGN_IDENTITY[sdk=iphoneos*]" = "iPhone Developer";
				COPY_PHASE_STRIP = NO;
				DEBUG_INFORMATION_FORMAT = dwarf;
				ENABLE_STRICT_OBJC_MSGSEND = YES;
				ENABLE_TESTABILITY = YES;
				GCC_C_LANGUAGE_STANDARD = gnu99;
				GCC_DYNAMIC_NO_PIC = NO;
				GCC_NO_COMMON_BLOCKS = YES;
				GCC_OPTIMIZATION_LEVEL = 0;
				GCC_PREPROCESSOR_DEFINITIONS = (
					"DEBUG=1",
					"$(inherited)",
				);
				GCC_WARN_64_TO_32_BIT_CONVERSION = YES;
				GCC_WARN_ABOUT_RETURN_TYPE = YES_ERROR;
				GCC_WARN_UNDECLARED_SELECTOR = YES;
				GCC_WARN_UNINITIALIZED_AUTOS = YES_AGGRESSIVE;
				GCC_WARN_UNUSED_FUNCTION = YES;
				GCC_WARN_UNUSED_VARIABLE = YES;
				IPHONEOS_DEPLOYMENT_TARGET = 10.3;
				MTL_ENABLE_DEBUG_INFO = YES;
				ONLY_ACTIVE_ARCH = YES;
				SDKROOT = iphoneos;
				SWIFT_ACTIVE_COMPILATION_CONDITIONS = DEBUG;
				SWIFT_OPTIMIZATION_LEVEL = "-Onone";
				TARGETED_DEVICE_FAMILY = "1,2";
			};
			name = Debug;
		};
		066C65431F6C6BCE00FF29F3 /* Release */ = {
			isa = XCBuildConfiguration;
			buildSettings = {
				ALWAYS_SEARCH_USER_PATHS = NO;
				CLANG_ANALYZER_NONNULL = YES;
				CLANG_ANALYZER_NUMBER_OBJECT_CONVERSION = YES_AGGRESSIVE;
				CLANG_CXX_LANGUAGE_STANDARD = "gnu++0x";
				CLANG_CXX_LIBRARY = "libc++";
				CLANG_ENABLE_MODULES = YES;
				CLANG_ENABLE_OBJC_ARC = YES;
				CLANG_WARN_BOOL_CONVERSION = YES;
				CLANG_WARN_CONSTANT_CONVERSION = YES;
				CLANG_WARN_DIRECT_OBJC_ISA_USAGE = YES_ERROR;
				CLANG_WARN_DOCUMENTATION_COMMENTS = YES;
				CLANG_WARN_EMPTY_BODY = YES;
				CLANG_WARN_ENUM_CONVERSION = YES;
				CLANG_WARN_INFINITE_RECURSION = YES;
				CLANG_WARN_INT_CONVERSION = YES;
				CLANG_WARN_OBJC_ROOT_CLASS = YES_ERROR;
				CLANG_WARN_SUSPICIOUS_MOVE = YES;
				CLANG_WARN_UNREACHABLE_CODE = YES;
				CLANG_WARN__DUPLICATE_METHOD_MATCH = YES;
				"CODE_SIGN_IDENTITY[sdk=iphoneos*]" = "iPhone Developer";
				COPY_PHASE_STRIP = NO;
				DEBUG_INFORMATION_FORMAT = "dwarf-with-dsym";
				ENABLE_NS_ASSERTIONS = NO;
				ENABLE_STRICT_OBJC_MSGSEND = YES;
				GCC_C_LANGUAGE_STANDARD = gnu99;
				GCC_NO_COMMON_BLOCKS = YES;
				GCC_WARN_64_TO_32_BIT_CONVERSION = YES;
				GCC_WARN_ABOUT_RETURN_TYPE = YES_ERROR;
				GCC_WARN_UNDECLARED_SELECTOR = YES;
				GCC_WARN_UNINITIALIZED_AUTOS = YES_AGGRESSIVE;
				GCC_WARN_UNUSED_FUNCTION = YES;
				GCC_WARN_UNUSED_VARIABLE = YES;
				IPHONEOS_DEPLOYMENT_TARGET = 10.3;
				MTL_ENABLE_DEBUG_INFO = NO;
				SDKROOT = iphoneos;
				SWIFT_OPTIMIZATION_LEVEL = "-Owholemodule";
				TARGETED_DEVICE_FAMILY = "1,2";
				VALIDATE_PRODUCT = YES;
			};
			name = Release;
		};
		066C65451F6C6BCE00FF29F3 /* Debug */ = {
			isa = XCBuildConfiguration;
			buildSettings = {
				ASSETCATALOG_COMPILER_APPICON_NAME = AppIcon;
				DEVELOPMENT_TEAM = RX2V366UG6;
				INFOPLIST_FILE = "ios-swift-demo/Info.plist";
				LD_RUNPATH_SEARCH_PATHS = "$(inherited) @executable_path/Frameworks";
				PRODUCT_BUNDLE_IDENTIFIER = "com.dan.ios-swift-demo";
				PRODUCT_NAME = "$(TARGET_NAME)";
				SWIFT_VERSION = 3.0;
			};
			name = Debug;
		};
		066C65461F6C6BCE00FF29F3 /* Release */ = {
			isa = XCBuildConfiguration;
			buildSettings = {
				ASSETCATALOG_COMPILER_APPICON_NAME = AppIcon;
				DEVELOPMENT_TEAM = RX2V366UG6;
				INFOPLIST_FILE = "ios-swift-demo/Info.plist";
				LD_RUNPATH_SEARCH_PATHS = "$(inherited) @executable_path/Frameworks";
				PRODUCT_BUNDLE_IDENTIFIER = "com.dan.ios-swift-demo";
				PRODUCT_NAME = "$(TARGET_NAME)";
				SWIFT_VERSION = 3.0;
			};
			name = Release;
		};
		066C65481F6C6BCE00FF29F3 /* Debug */ = {
			isa = XCBuildConfiguration;
			buildSettings = {
				ALWAYS_EMBED_SWIFT_STANDARD_LIBRARIES = YES;
				BUNDLE_LOADER = "$(TEST_HOST)";
				DEVELOPMENT_TEAM = RX2V366UG6;
				INFOPLIST_FILE = "ios-swift-demoTests/Info.plist";
				LD_RUNPATH_SEARCH_PATHS = "$(inherited) @executable_path/Frameworks @loader_path/Frameworks";
				PRODUCT_BUNDLE_IDENTIFIER = "com.dan.ios-swift-demoTests";
				PRODUCT_NAME = "$(TARGET_NAME)";
				SWIFT_VERSION = 3.0;
				TEST_HOST = "$(BUILT_PRODUCTS_DIR)/ios-swift-demo.app/ios-swift-demo";
			};
			name = Debug;
		};
		066C65491F6C6BCE00FF29F3 /* Release */ = {
			isa = XCBuildConfiguration;
			buildSettings = {
				ALWAYS_EMBED_SWIFT_STANDARD_LIBRARIES = YES;
				BUNDLE_LOADER = "$(TEST_HOST)";
				DEVELOPMENT_TEAM = RX2V366UG6;
				INFOPLIST_FILE = "ios-swift-demoTests/Info.plist";
				LD_RUNPATH_SEARCH_PATHS = "$(inherited) @executable_path/Frameworks @loader_path/Frameworks";
				PRODUCT_BUNDLE_IDENTIFIER = "com.dan.ios-swift-demoTests";
				PRODUCT_NAME = "$(TARGET_NAME)";
				SWIFT_VERSION = 3.0;
				TEST_HOST = "$(BUILT_PRODUCTS_DIR)/ios-swift-demo.app/ios-swift-demo";
			};
			name = Release;
		};
		066C654B1F6C6BCE00FF29F3 /* Debug */ = {
			isa = XCBuildConfiguration;
			buildSettings = {
				ALWAYS_EMBED_SWIFT_STANDARD_LIBRARIES = YES;
				DEVELOPMENT_TEAM = RX2V366UG6;
				INFOPLIST_FILE = "ios-swift-demoUITests/Info.plist";
				LD_RUNPATH_SEARCH_PATHS = "$(inherited) @executable_path/Frameworks @loader_path/Frameworks";
				PRODUCT_BUNDLE_IDENTIFIER = "com.dan.ios-swift-demoUITests";
				PRODUCT_NAME = "$(TARGET_NAME)";
				SWIFT_VERSION = 3.0;
				TEST_TARGET_NAME = "ios-swift-demo";
			};
			name = Debug;
		};
		066C654C1F6C6BCE00FF29F3 /* Release */ = {
			isa = XCBuildConfiguration;
			buildSettings = {
				ALWAYS_EMBED_SWIFT_STANDARD_LIBRARIES = YES;
				DEVELOPMENT_TEAM = RX2V366UG6;
				INFOPLIST_FILE = "ios-swift-demoUITests/Info.plist";
				LD_RUNPATH_SEARCH_PATHS = "$(inherited) @executable_path/Frameworks @loader_path/Frameworks";
				PRODUCT_BUNDLE_IDENTIFIER = "com.dan.ios-swift-demoUITests";
				PRODUCT_NAME = "$(TARGET_NAME)";
				SWIFT_VERSION = 3.0;
				TEST_TARGET_NAME = "ios-swift-demo";
			};
			name = Release;
		};
/* End XCBuildConfiguration section */

/* Begin XCConfigurationList section */
		066C65171F6C6BCE00FF29F3 /* Build configuration list for PBXProject "ios-swift-demo" */ = {
			isa = XCConfigurationList;
			buildConfigurations = (
				066C65421F6C6BCE00FF29F3 /* Debug */,
				066C65431F6C6BCE00FF29F3 /* Release */,
			);
			defaultConfigurationIsVisible = 0;
			defaultConfigurationName = Release;
		};
		066C65441F6C6BCE00FF29F3 /* Build configuration list for PBXNativeTarget "ios-swift-demo" */ = {
			isa = XCConfigurationList;
			buildConfigurations = (
				066C65451F6C6BCE00FF29F3 /* Debug */,
				066C65461F6C6BCE00FF29F3 /* Release */,
			);
			defaultConfigurationIsVisible = 0;
		};
		066C65471F6C6BCE00FF29F3 /* Build configuration list for PBXNativeTarget "ios-swift-demoTests" */ = {
			isa = XCConfigurationList;
			buildConfigurations = (
				066C65481F6C6BCE00FF29F3 /* Debug */,
				066C65491F6C6BCE00FF29F3 /* Release */,
			);
			defaultConfigurationIsVisible = 0;
		};
		066C654A1F6C6BCE00FF29F3 /* Build configuration list for PBXNativeTarget "ios-swift-demoUITests" */ = {
			isa = XCConfigurationList;
			buildConfigurations = (
				066C654B1F6C6BCE00FF29F3 /* Debug */,
				066C654C1F6C6BCE00FF29F3 /* Release */,
			);
			defaultConfigurationIsVisible = 0;
		};
/* End XCConfigurationList section */
	};
	rootObject = 066C65141F6C6BCE00FF29F3 /* Project object */;
}
